{
  "name": "stubs",
  "version": "3.0.0",
  "lockfileVersion": 3,
  "requires": true,
  "packages": {
    "": {
      "name": "stubs",
      "version": "3.0.0",
      "license": "MIT",
      "dependencies": {
        "stubs": "file:"
      },
      "devDependencies": {
        "tess": "^1.0.0"
      }
    },
    "node_modules/stubs": {
      "resolved": "",
      "link": true
    },
    "node_modules/tess": {
      "version": "1.0.0",
      "resolved": "https://registry.npmjs.org/tess/-/tess-1.0.0.tgz",
      "integrity": "sha512-CzD+TgnZofKIb6+z24O0xOqRV3l20IGnP/uSBbcckfK3hPkbFnLRgZRwkW9thmlNCuQ/jERU3QJRAyljqfv6WA==",
      "dev": true
    }
  }
}
