{
  "name": "speech-to-text",
  "version": "1.0.0",
  "lockfileVersion": 3,
  "requires": true,
  "packages": {
    "": {
      "name": "speech-to-text",
      "version": "1.0.0",
      "license": "ISC",
      "dependencies": {
        "speech-to-text": "file:"
      }
    },
    "node_modules/speech-to-text": {
      "resolved": "",
      "link": true
    }
  }
}
